
Microsoft Visual Studio Solution File, Format Version 12.00
# Visual Studio Version 17
VisualStudioVersion = 17.2.32602.215
MinimumVisualStudioVersion = 10.0.40219.1
Project("{8BC9CEB8-8B4A-11D0-8D11-00A0C91BC942}") = "sandbox", "sandbox\sandbox.vcxproj", "{3B34F303-A0FC-42ED-A3DA-F485306A8E3A}"
	ProjectSection(ProjectDependencies) = postProject
		{B7D77A87-E759-4504-9788-E94433AB9C0E} = {B7D77A87-E759-4504-9788-E94433AB9C0E}
	EndProjectSection
EndProject
Project("{8BC9CEB8-8B4A-11D0-8D11-00A0C91BC942}") = "libbtree", "libbtree\libbtree.vcxproj", "{B7D77A87-E759-4504-9788-E94433AB9C0E}"
	ProjectSection(ProjectDependencies) = postProject
		{67717FD6-C251-4DA3-A731-F8E5F031E88D} = {67717FD6-C251-4DA3-A731-F8E5F031E88D}
	EndProjectSection
EndProject
Project("{8BC9CEB8-8B4A-11D0-8D11-00A0C91BC942}") = "libcache", "libcache\libcache.vcxproj", "{67717FD6-C251-4DA3-A731-F8E5F031E88D}"
EndProject
Project("{8BC9CEB8-8B4A-11D0-8D11-00A0C91BC942}") = "test_all", "test_all\test_all.vcxproj", "{D481BD62-2803-4CD9-89C5-E7F05DF1AC71}"
	ProjectSection(ProjectDependencies) = postProject
		{B7D77A87-E759-4504-9788-E94433AB9C0E} = {B7D77A87-E759-4504-9788-E94433AB9C0E}
	EndProjectSection
EndProject
Global
	GlobalSection(SolutionConfigurationPlatforms) = preSolution
		Debug|x64 = Debug|x64
		Debug|x86 = Debug|x86
		Release_CT|x64 = Release_CT|x64
		Release_CT|x86 = Release_CT|x86
		Release_NVCT|x64 = Release_NVCT|x64
		Release_NVCT|x86 = Release_NVCT|x86
		Release_NVT|x64 = Release_NVT|x64
		Release_NVT|x86 = Release_NVT|x86
		Release_VT|x64 = Release_VT|x64
		Release_VT|x86 = Release_VT|x86
		Release|x64 = Release|x64
		Release|x86 = Release|x86
	EndGlobalSection
	GlobalSection(ProjectConfigurationPlatforms) = postSolution
		{3B34F303-A0FC-42ED-A3DA-F485306A8E3A}.Debug|x64.ActiveCfg = Debug|x64
		{3B34F303-A0FC-42ED-A3DA-F485306A8E3A}.Debug|x64.Build.0 = Debug|x64
		{3B34F303-A0FC-42ED-A3DA-F485306A8E3A}.Debug|x86.ActiveCfg = Debug|Win32
		{3B34F303-A0FC-42ED-A3DA-F485306A8E3A}.Debug|x86.Build.0 = Debug|Win32
		{3B34F303-A0FC-42ED-A3DA-F485306A8E3A}.Release_CT|x64.ActiveCfg = Release_CT|x64
		{3B34F303-A0FC-42ED-A3DA-F485306A8E3A}.Release_CT|x64.Build.0 = Release_CT|x64
		{3B34F303-A0FC-42ED-A3DA-F485306A8E3A}.Release_CT|x86.ActiveCfg = Release_CT|Win32
		{3B34F303-A0FC-42ED-A3DA-F485306A8E3A}.Release_CT|x86.Build.0 = Release_CT|Win32
		{3B34F303-A0FC-42ED-A3DA-F485306A8E3A}.Release_NVCT|x64.ActiveCfg = Release_NVCT|x64
		{3B34F303-A0FC-42ED-A3DA-F485306A8E3A}.Release_NVCT|x64.Build.0 = Release_NVCT|x64
		{3B34F303-A0FC-42ED-A3DA-F485306A8E3A}.Release_NVCT|x86.ActiveCfg = Release_NVCT|Win32
		{3B34F303-A0FC-42ED-A3DA-F485306A8E3A}.Release_NVCT|x86.Build.0 = Release_NVCT|Win32
		{3B34F303-A0FC-42ED-A3DA-F485306A8E3A}.Release_NVT|x64.ActiveCfg = Release_NVT|x64
		{3B34F303-A0FC-42ED-A3DA-F485306A8E3A}.Release_NVT|x64.Build.0 = Release_NVT|x64
		{3B34F303-A0FC-42ED-A3DA-F485306A8E3A}.Release_NVT|x86.ActiveCfg = Release_NVT|Win32
		{3B34F303-A0FC-42ED-A3DA-F485306A8E3A}.Release_NVT|x86.Build.0 = Release_NVT|Win32
		{3B34F303-A0FC-42ED-A3DA-F485306A8E3A}.Release_VT|x64.ActiveCfg = Release_VT|x64
		{3B34F303-A0FC-42ED-A3DA-F485306A8E3A}.Release_VT|x64.Build.0 = Release_VT|x64
		{3B34F303-A0FC-42ED-A3DA-F485306A8E3A}.Release_VT|x86.ActiveCfg = Release_VT|Win32
		{3B34F303-A0FC-42ED-A3DA-F485306A8E3A}.Release_VT|x86.Build.0 = Release_VT|Win32
		{3B34F303-A0FC-42ED-A3DA-F485306A8E3A}.Release|x64.ActiveCfg = Release|x64
		{3B34F303-A0FC-42ED-A3DA-F485306A8E3A}.Release|x64.Build.0 = Release|x64
		{3B34F303-A0FC-42ED-A3DA-F485306A8E3A}.Release|x86.ActiveCfg = Release|Win32
		{3B34F303-A0FC-42ED-A3DA-F485306A8E3A}.Release|x86.Build.0 = Release|Win32
		{B7D77A87-E759-4504-9788-E94433AB9C0E}.Debug|x64.ActiveCfg = Debug|x64
		{B7D77A87-E759-4504-9788-E94433AB9C0E}.Debug|x64.Build.0 = Debug|x64
		{B7D77A87-E759-4504-9788-E94433AB9C0E}.Debug|x86.ActiveCfg = Debug|Win32
		{B7D77A87-E759-4504-9788-E94433AB9C0E}.Debug|x86.Build.0 = Debug|Win32
		{B7D77A87-E759-4504-9788-E94433AB9C0E}.Release_CT|x64.ActiveCfg = Release_CT|x64
		{B7D77A87-E759-4504-9788-E94433AB9C0E}.Release_CT|x64.Build.0 = Release_CT|x64
		{B7D77A87-E759-4504-9788-E94433AB9C0E}.Release_CT|x86.ActiveCfg = Release_CT|Win32
		{B7D77A87-E759-4504-9788-E94433AB9C0E}.Release_CT|x86.Build.0 = Release_CT|Win32
		{B7D77A87-E759-4504-9788-E94433AB9C0E}.Release_NVCT|x64.ActiveCfg = Release_NVCT|x64
		{B7D77A87-E759-4504-9788-E94433AB9C0E}.Release_NVCT|x64.Build.0 = Release_NVCT|x64
		{B7D77A87-E759-4504-9788-E94433AB9C0E}.Release_NVCT|x86.ActiveCfg = Release_NVCT|Win32
		{B7D77A87-E759-4504-9788-E94433AB9C0E}.Release_NVCT|x86.Build.0 = Release_NVCT|Win32
		{B7D77A87-E759-4504-9788-E94433AB9C0E}.Release_NVT|x64.ActiveCfg = Release_NVT|x64
		{B7D77A87-E759-4504-9788-E94433AB9C0E}.Release_NVT|x64.Build.0 = Release_NVT|x64
		{B7D77A87-E759-4504-9788-E94433AB9C0E}.Release_NVT|x86.ActiveCfg = Release_NVT|Win32
		{B7D77A87-E759-4504-9788-E94433AB9C0E}.Release_NVT|x86.Build.0 = Release_NVT|Win32
		{B7D77A87-E759-4504-9788-E94433AB9C0E}.Release_VT|x64.ActiveCfg = Release_VT|x64
		{B7D77A87-E759-4504-9788-E94433AB9C0E}.Release_VT|x64.Build.0 = Release_VT|x64
		{B7D77A87-E759-4504-9788-E94433AB9C0E}.Release_VT|x86.ActiveCfg = Release_VT|Win32
		{B7D77A87-E759-4504-9788-E94433AB9C0E}.Release_VT|x86.Build.0 = Release_VT|Win32
		{B7D77A87-E759-4504-9788-E94433AB9C0E}.Release|x64.ActiveCfg = Release|x64
		{B7D77A87-E759-4504-9788-E94433AB9C0E}.Release|x64.Build.0 = Release|x64
		{B7D77A87-E759-4504-9788-E94433AB9C0E}.Release|x86.ActiveCfg = Release|Win32
		{B7D77A87-E759-4504-9788-E94433AB9C0E}.Release|x86.Build.0 = Release|Win32
		{67717FD6-C251-4DA3-A731-F8E5F031E88D}.Debug|x64.ActiveCfg = Debug|x64
		{67717FD6-C251-4DA3-A731-F8E5F031E88D}.Debug|x64.Build.0 = Debug|x64
		{67717FD6-C251-4DA3-A731-F8E5F031E88D}.Debug|x86.ActiveCfg = Debug|Win32
		{67717FD6-C251-4DA3-A731-F8E5F031E88D}.Debug|x86.Build.0 = Debug|Win32
		{67717FD6-C251-4DA3-A731-F8E5F031E88D}.Release_CT|x64.ActiveCfg = Release_CT|x64
		{67717FD6-C251-4DA3-A731-F8E5F031E88D}.Release_CT|x64.Build.0 = Release_CT|x64
		{67717FD6-C251-4DA3-A731-F8E5F031E88D}.Release_CT|x86.ActiveCfg = Release_CT|Win32
		{67717FD6-C251-4DA3-A731-F8E5F031E88D}.Release_CT|x86.Build.0 = Release_CT|Win32
		{67717FD6-C251-4DA3-A731-F8E5F031E88D}.Release_NVCT|x64.ActiveCfg = Release_NVCT|x64
		{67717FD6-C251-4DA3-A731-F8E5F031E88D}.Release_NVCT|x64.Build.0 = Release_NVCT|x64
		{67717FD6-C251-4DA3-A731-F8E5F031E88D}.Release_NVCT|x86.ActiveCfg = Release_NVCT|Win32
		{67717FD6-C251-4DA3-A731-F8E5F031E88D}.Release_NVCT|x86.Build.0 = Release_NVCT|Win32
		{67717FD6-C251-4DA3-A731-F8E5F031E88D}.Release_NVT|x64.ActiveCfg = Release_NVT|x64
		{67717FD6-C251-4DA3-A731-F8E5F031E88D}.Release_NVT|x64.Build.0 = Release_NVT|x64
		{67717FD6-C251-4DA3-A731-F8E5F031E88D}.Release_NVT|x86.ActiveCfg = Release_NVT|Win32
		{67717FD6-C251-4DA3-A731-F8E5F031E88D}.Release_NVT|x86.Build.0 = Release_NVT|Win32
		{67717FD6-C251-4DA3-A731-F8E5F031E88D}.Release_VT|x64.ActiveCfg = Release_VT|x64
		{67717FD6-C251-4DA3-A731-F8E5F031E88D}.Release_VT|x64.Build.0 = Release_VT|x64
		{67717FD6-C251-4DA3-A731-F8E5F031E88D}.Release_VT|x86.ActiveCfg = Release_VT|Win32
		{67717FD6-C251-4DA3-A731-F8E5F031E88D}.Release_VT|x86.Build.0 = Release_VT|Win32
		{67717FD6-C251-4DA3-A731-F8E5F031E88D}.Release|x64.ActiveCfg = Release|x64
		{67717FD6-C251-4DA3-A731-F8E5F031E88D}.Release|x64.Build.0 = Release|x64
		{67717FD6-C251-4DA3-A731-F8E5F031E88D}.Release|x86.ActiveCfg = Release|Win32
		{67717FD6-C251-4DA3-A731-F8E5F031E88D}.Release|x86.Build.0 = Release|Win32
		{D481BD62-2803-4CD9-89C5-E7F05DF1AC71}.Debug|x64.ActiveCfg = Debug|x64
		{D481BD62-2803-4CD9-89C5-E7F05DF1AC71}.Debug|x64.Build.0 = Debug|x64
		{D481BD62-2803-4CD9-89C5-E7F05DF1AC71}.Debug|x86.ActiveCfg = Debug|Win32
		{D481BD62-2803-4CD9-89C5-E7F05DF1AC71}.Debug|x86.Build.0 = Debug|Win32
		{D481BD62-2803-4CD9-89C5-E7F05DF1AC71}.Release_CT|x64.ActiveCfg = Release_CT|x64
		{D481BD62-2803-4CD9-89C5-E7F05DF1AC71}.Release_CT|x64.Build.0 = Release_CT|x64
		{D481BD62-2803-4CD9-89C5-E7F05DF1AC71}.Release_CT|x86.ActiveCfg = Release_CT|Win32
		{D481BD62-2803-4CD9-89C5-E7F05DF1AC71}.Release_CT|x86.Build.0 = Release_CT|Win32
		{D481BD62-2803-4CD9-89C5-E7F05DF1AC71}.Release_NVCT|x64.ActiveCfg = Release_NVCT|x64
		{D481BD62-2803-4CD9-89C5-E7F05DF1AC71}.Release_NVCT|x64.Build.0 = Release_NVCT|x64
		{D481BD62-2803-4CD9-89C5-E7F05DF1AC71}.Release_NVCT|x86.ActiveCfg = Release_NVCT|Win32
		{D481BD62-2803-4CD9-89C5-E7F05DF1AC71}.Release_NVCT|x86.Build.0 = Release_NVCT|Win32
		{D481BD62-2803-4CD9-89C5-E7F05DF1AC71}.Release_NVT|x64.ActiveCfg = Release_NVT|x64
		{D481BD62-2803-4CD9-89C5-E7F05DF1AC71}.Release_NVT|x64.Build.0 = Release_NVT|x64
		{D481BD62-2803-4CD9-89C5-E7F05DF1AC71}.Release_NVT|x86.ActiveCfg = Release_NVT|Win32
		{D481BD62-2803-4CD9-89C5-E7F05DF1AC71}.Release_NVT|x86.Build.0 = Release_NVT|Win32
		{D481BD62-2803-4CD9-89C5-E7F05DF1AC71}.Release_VT|x64.ActiveCfg = Release_VT|x64
		{D481BD62-2803-4CD9-89C5-E7F05DF1AC71}.Release_VT|x64.Build.0 = Release_VT|x64
		{D481BD62-2803-4CD9-89C5-E7F05DF1AC71}.Release_VT|x86.ActiveCfg = Release_VT|Win32
		{D481BD62-2803-4CD9-89C5-E7F05DF1AC71}.Release_VT|x86.Build.0 = Release_VT|Win32
		{D481BD62-2803-4CD9-89C5-E7F05DF1AC71}.Release|x64.ActiveCfg = Release|x64
		{D481BD62-2803-4CD9-89C5-E7F05DF1AC71}.Release|x64.Build.0 = Release|x64
		{D481BD62-2803-4CD9-89C5-E7F05DF1AC71}.Release|x86.ActiveCfg = Release|Win32
		{D481BD62-2803-4CD9-89C5-E7F05DF1AC71}.Release|x86.Build.0 = Release|Win32
	EndGlobalSection
	GlobalSection(SolutionProperties) = preSolution
		HideSolutionNode = FALSE
	EndGlobalSection
	GlobalSection(ExtensibilityGlobals) = postSolution
		SolutionGuid = {D80705DD-F1DC-4596-8CFD-BA0129F0C9FB}
	EndGlobalSection
EndGlobal
